lockfileVersion: '9.0'

settings:
  autoInstallPeers: true
  excludeLinksFromLockfile: false

importers:

  .:
    dependencies:
      '@hono/node-server':
        specifier: ^1.8.2
        version: 1.15.0(hono@4.8.4)
      '@hono/swagger-ui':
        specifier: ^0.2.1
        version: 0.2.2(hono@4.8.4)
      '@hono/zod-validator':
        specifier: ^0.7.0
        version: 0.7.0(hono@4.8.4)(zod@3.25.76)
      axios:
        specifier: ^1.10.0
        version: 1.10.0
      dotenv-flow:
        specifier: ^4.1.0
        version: 4.1.0
      hono:
        specifier: ^4.8.4
        version: 4.8.4
      hono-openapi:
        specifier: ^0.4.8
        version: 0.4.8(@hono/zod-validator@0.7.0(hono@4.8.4)(zod@3.25.76))(hono@4.8.4)(openapi-types@12.1.3)(zod-openapi@5.0.1(zod@3.25.76))(zod@3.25.76)
      hono-rate-limiter:
        specifier: ^0.4.2
        version: 0.4.2(hono@4.8.4)
      lru-cache:
        specifier: latest
        version: 11.1.0
      zod:
        specifier: ^3.25.76
        version: 3.25.76
      zod-openapi:
        specifier: ^5.0.1
        version: 5.0.1(zod@3.25.76)

packages:

  '@apidevtools/json-schema-ref-parser@11.9.3':
    resolution: {integrity: sha512-60vepv88RwcJtSHrD6MjIL6Ta3SOYbgfnkHb+ppAVK+o9mXprRtulx7VlRl3lN3bbvysAfCS7WMVfhUYemB0IQ==}
    engines: {node: '>= 16'}

  '@hono/node-server@1.15.0':
    resolution: {integrity: sha512-MjmK4l5N4dQpZ9OSWN0tCj7ejuc7WvuWMzSKtc89bnknJykAeHxzRigXBTYZk85H6Awrii6RM59iUiUluApu2A==}
    engines: {node: '>=18.14.1'}
    peerDependencies:
      hono: ^4

  '@hono/swagger-ui@0.2.2':
    resolution: {integrity: sha512-Bco6XdKkTP7yIVWXpquLQayvjwzDmsmsESjF7VcrU/ZPTYafGvvpHf7Z6PHTWyp+JpdYORZXlyZ75T3At2KfAA==}
    peerDependencies:
      hono: '*'

  '@hono/zod-validator@0.7.0':
    resolution: {integrity: sha512-qe2ZE6sHFE98dcUrbYMtS3bAV8hqcCOflykvZga2S7XhmNSZzT+dIz4OuMILsjLHkJw9JMn912/dB7dQOmuPvg==}
    peerDependencies:
      hono: '>=3.9.0'
      zod: ^3.25.0

  '@jsdevtools/ono@7.1.3':
    resolution: {integrity: sha512-4JQNk+3mVzK3xh2rqd6RB4J46qUR19azEHBneZyTZM+c456qOrbbM/5xcR8huNCCcbVt7+UmizG6GuUvPvKUYg==}

  '@types/json-schema@7.0.15':
    resolution: {integrity: sha512-5+fP8P8MFNC+AyZCDxrB2pkZFPGzqQWUzpSeuuVLvm8VMcorNYavBqoFcxK8bQz4Qsbn4oUEEem4wDLfcysGHA==}

  argparse@2.0.1:
    resolution: {integrity: sha512-8+9WqebbFzpX9OR+Wa6O29asIogeRMzcGtAINdpMHHyAg10f05aSFVBbcEqGf/PXw1EjAZ+q2/bEBg3DvurK3Q==}

  asynckit@0.4.0:
    resolution: {integrity: sha512-Oei9OH4tRh0YqU3GxhX79dM/mwVgvbZJaSNaRk+bshkj0S5cfHcgYakreBjrHwatXKbz+IoIdYLxrKim2MjW0Q==}

  axios@1.10.0:
    resolution: {integrity: sha512-/1xYAC4MP/HEG+3duIhFr4ZQXR4sQXOIe+o6sdqzeykGLx6Upp/1p8MHqhINOvGeP7xyNHe7tsiJByc4SSVUxw==}

  call-bind-apply-helpers@1.0.2:
    resolution: {integrity: sha512-Sp1ablJ0ivDkSzjcaJdxEunN5/XvksFJ2sMBFfq6x0ryhQV/2b/KwFe21cMpmHtPOSij8K99/wSfoEuTObmuMQ==}
    engines: {node: '>= 0.4'}

  clone@2.1.2:
    resolution: {integrity: sha512-3Pe/CF1Nn94hyhIYpjtiLhdCoEoz0DqQ+988E9gmeEdQZlojxnOb74wctFyuwWQHzqyf9X7C7MG8juUpqBJT8w==}
    engines: {node: '>=0.8'}

  combined-stream@1.0.8:
    resolution: {integrity: sha512-FQN4MRfuJeHf7cBbBMJFXhKSDq+2kAArBlmRBvcvFE5BB1HZKXtSFASDhdlz9zOYwxh8lDdnvmMOe/+5cdoEdg==}
    engines: {node: '>= 0.8'}

  delayed-stream@1.0.0:
    resolution: {integrity: sha512-ZySD7Nf91aLB0RxL4KGrKHBXl7Eds1DAmEdcoVawXnLD7SDhpNgtuII2aAkg7a7QS41jxPSZ17p4VdGnMHk3MQ==}
    engines: {node: '>=0.4.0'}

  dotenv-flow@4.1.0:
    resolution: {integrity: sha512-0cwP9jpQBQfyHwvE0cRhraZMkdV45TQedA8AAUZMsFzvmLcQyc1HPv+oX0OOYwLFjIlvgVepQ+WuQHbqDaHJZg==}
    engines: {node: '>= 12.0.0'}

  dotenv@16.6.1:
    resolution: {integrity: sha512-uBq4egWHTcTt33a72vpSG0z3HnPuIl6NqYcTrKEg2azoEyl2hpW0zqlxysq2pK9HlDIHyHyakeYaYnSAwd8bow==}
    engines: {node: '>=12'}

  dunder-proto@1.0.1:
    resolution: {integrity: sha512-KIN/nDJBQRcXw0MLVhZE9iQHmG68qAVIBg9CqmUYjmQIhgij9U5MFvrqkUL5FbtyyzZuOeOt0zdeRe4UY7ct+A==}
    engines: {node: '>= 0.4'}

  es-define-property@1.0.1:
    resolution: {integrity: sha512-e3nRfgfUZ4rNGL232gUgX06QNyyez04KdjFrF+LTRoOXmrOgFKDg4BCdsjW8EnT69eqdYGmRpJwiPVYNrCaW3g==}
    engines: {node: '>= 0.4'}

  es-errors@1.3.0:
    resolution: {integrity: sha512-Zf5H2Kxt2xjTvbJvP2ZWLEICxA6j+hAmMzIlypy4xcBg1vKVnx89Wy0GbS+kf5cwCVFFzdCFh2XSCFNULS6csw==}
    engines: {node: '>= 0.4'}

  es-object-atoms@1.1.1:
    resolution: {integrity: sha512-FGgH2h8zKNim9ljj7dankFPcICIK9Cp5bm+c2gQSYePhpaG5+esrLODihIorn+Pe6FGJzWhXQotPv73jTaldXA==}
    engines: {node: '>= 0.4'}

  es-set-tostringtag@2.1.0:
    resolution: {integrity: sha512-j6vWzfrGVfyXxge+O0x5sh6cvxAog0a/4Rdd2K36zCMV5eJ+/+tOAngRO8cODMNWbVRdVlmGZQL2YS3yR8bIUA==}
    engines: {node: '>= 0.4'}

  follow-redirects@1.15.9:
    resolution: {integrity: sha512-gew4GsXizNgdoRyqmyfMHyAmXsZDk6mHkSxZFCzW9gwlbtOW44CDtYavM+y+72qD/Vq2l550kMF52DT8fOLJqQ==}
    engines: {node: '>=4.0'}
    peerDependencies:
      debug: '*'
    peerDependenciesMeta:
      debug:
        optional: true

  form-data@4.0.3:
    resolution: {integrity: sha512-qsITQPfmvMOSAdeyZ+12I1c+CKSstAFAwu+97zrnWAbIr5u8wfsExUzCesVLC8NgHuRUqNN4Zy6UPWUTRGslcA==}
    engines: {node: '>= 6'}

  function-bind@1.1.2:
    resolution: {integrity: sha512-7XHNxH7qX9xG5mIwxkhumTox/MIRNcOgDrxWsMt2pAr23WHp6MrRlN7FBSFpCpr+oVO0F744iUgR82nJMfG2SA==}

  get-intrinsic@1.3.0:
    resolution: {integrity: sha512-9fSjSaos/fRIVIp+xSJlE6lfwhES7LNtKaCBIamHsjr2na1BiABJPo0mOjjz8GJDURarmCPGqaiVg5mfjb98CQ==}
    engines: {node: '>= 0.4'}

  get-proto@1.0.1:
    resolution: {integrity: sha512-sTSfBjoXBp89JvIKIefqw7U2CCebsc74kiY6awiGogKtoSGbgjYE/G/+l9sF3MWFPNc9IcoOC4ODfKHfxFmp0g==}
    engines: {node: '>= 0.4'}

  gopd@1.2.0:
    resolution: {integrity: sha512-ZUKRh6/kUFoAiTAtTYPZJ3hw9wNxx+BIBOijnlG9PnrJsCcSjs1wyyD6vJpaYtgnzDrKYRSqf3OO6Rfa93xsRg==}
    engines: {node: '>= 0.4'}

  has-symbols@1.1.0:
    resolution: {integrity: sha512-1cDNdwJ2Jaohmb3sg4OmKaMBwuC48sYni5HUw2DvsC8LjGTLK9h+eb1X6RyuOHe4hT0ULCW68iomhjUoKUqlPQ==}
    engines: {node: '>= 0.4'}

  has-tostringtag@1.0.2:
    resolution: {integrity: sha512-NqADB8VjPFLM2V0VvHUewwwsw0ZWBaIdgo+ieHtK3hasLz4qeCRjYcqfB6AQrBggRKppKF8L52/VqdVsO47Dlw==}
    engines: {node: '>= 0.4'}

  hasown@2.0.2:
    resolution: {integrity: sha512-0hJU9SCPvmMzIBdZFqNPXWa6dqh7WdH0cII9y+CyS8rG3nL48Bclra9HmKhVVUHyPWNH5Y7xDwAB7bfgSjkUMQ==}
    engines: {node: '>= 0.4'}

  hono-openapi@0.4.8:
    resolution: {integrity: sha512-LYr5xdtD49M7hEAduV1PftOMzuT8ZNvkyWfh1DThkLsIr4RkvDb12UxgIiFbwrJB6FLtFXLoOZL9x4IeDk2+VA==}
    peerDependencies:
      '@hono/arktype-validator': ^2.0.0
      '@hono/effect-validator': ^1.2.0
      '@hono/typebox-validator': ^0.2.0 || ^0.3.0
      '@hono/valibot-validator': ^0.5.1
      '@hono/zod-validator': ^0.4.1
      '@sinclair/typebox': ^0.34.9
      '@valibot/to-json-schema': ^1.0.0-beta.3
      arktype: ^2.0.0
      effect: ^3.11.3
      hono: ^4.6.13
      openapi-types: ^12.1.3
      valibot: ^1.0.0-beta.9
      zod: ^3.23.8
      zod-openapi: ^4.0.0
    peerDependenciesMeta:
      '@hono/arktype-validator':
        optional: true
      '@hono/effect-validator':
        optional: true
      '@hono/typebox-validator':
        optional: true
      '@hono/valibot-validator':
        optional: true
      '@hono/zod-validator':
        optional: true
      '@sinclair/typebox':
        optional: true
      '@valibot/to-json-schema':
        optional: true
      arktype:
        optional: true
      effect:
        optional: true
      hono:
        optional: true
      valibot:
        optional: true
      zod:
        optional: true
      zod-openapi:
        optional: true

  hono-rate-limiter@0.4.2:
    resolution: {integrity: sha512-AAtFqgADyrmbDijcRTT/HJfwqfvhalya2Zo+MgfdrMPas3zSMD8SU03cv+ZsYwRU1swv7zgVt0shwN059yzhjw==}
    peerDependencies:
      hono: ^4.1.1

  hono@4.8.4:
    resolution: {integrity: sha512-KOIBp1+iUs0HrKztM4EHiB2UtzZDTBihDtOF5K6+WaJjCPeaW4Q92R8j63jOhvJI5+tZSMuKD9REVEXXY9illg==}
    engines: {node: '>=16.9.0'}

  js-yaml@4.1.0:
    resolution: {integrity: sha512-wpxZs9NoxZaJESJGIZTyDEaYpl0FKSA+FB9aJiyemKhMwkxQg63h4T1KJgUGHpTqPDNRcmmYLugrRjJlBtWvRA==}
    hasBin: true

  json-schema-walker@2.0.0:
    resolution: {integrity: sha512-nXN2cMky0Iw7Af28w061hmxaPDaML5/bQD9nwm1lOoIKEGjHcRGxqWe4MfrkYThYAPjSUhmsp4bJNoLAyVn9Xw==}
    engines: {node: '>=10'}

  lru-cache@11.1.0:
    resolution: {integrity: sha512-QIXZUBJUx+2zHUdQujWejBkcD9+cs94tLn0+YL8UrCh+D5sCXZ4c7LaEH48pNwRY3MLDgqUFyhlCyjJPf1WP0A==}
    engines: {node: 20 || >=22}

  math-intrinsics@1.1.0:
    resolution: {integrity: sha512-/IXtbwEk5HTPyEwyKX6hGkYXxM9nbj64B+ilVJnC/R6B0pH5G4V3b0pVbL7DBj4tkhBAppbQUlf6F6Xl9LHu1g==}
    engines: {node: '>= 0.4'}

  mime-db@1.52.0:
    resolution: {integrity: sha512-sPU4uV7dYlvtWJxwwxHD0PuihVNiE7TyAbQ5SWxDCB9mUYvOgroQOwYQQOKPJ8CIbE+1ETVlOoK1UC2nU3gYvg==}
    engines: {node: '>= 0.6'}

  mime-types@2.1.35:
    resolution: {integrity: sha512-ZDY+bPm5zTTF+YpCrAU9nK0UgICYPT0QtT1NZWFv4s++TNkcgVaT0g6+4R2uI4MjQjzysHB1zxuWL50hzaeXiw==}
    engines: {node: '>= 0.6'}

  openapi-types@12.1.3:
    resolution: {integrity: sha512-N4YtSYJqghVu4iek2ZUvcN/0aqH1kRDuNqzcycDxhOUpg7GdvLa2F3DgS6yBNhInhv2r/6I0Flkn7CqL8+nIcw==}

  proxy-from-env@1.1.0:
    resolution: {integrity: sha512-D+zkORCbA9f1tdWRK0RaCR3GPv50cMxcrz4X8k5LTSUD1Dkw47mKJEZQNunItRTkWwgtaUSo1RVFRIG9ZXiFYg==}

  zod-openapi@5.0.1:
    resolution: {integrity: sha512-6KQNv6/rnMdbPRWvqYRrDkA1gayZSy6i8t2uGAYQoeVdjPiSi6W1rPZrgli+sBwIelCKPQJC59HB1ij4tlHiQQ==}
    engines: {node: '>=20'}
    peerDependencies:
      zod: ^3.25.74

  zod@3.25.76:
    resolution: {integrity: sha512-gzUt/qt81nXsFGKIFcC3YnfEAx5NkunCfnDlvuBSSFS02bcXu4Lmea0AFIUwbLWxWPx3d9p8S5QoaujKcNQxcQ==}

snapshots:

  '@apidevtools/json-schema-ref-parser@11.9.3':
    dependencies:
      '@jsdevtools/ono': 7.1.3
      '@types/json-schema': 7.0.15
      js-yaml: 4.1.0

  '@hono/node-server@1.15.0(hono@4.8.4)':
    dependencies:
      hono: 4.8.4

  '@hono/swagger-ui@0.2.2(hono@4.8.4)':
    dependencies:
      hono: 4.8.4

  '@hono/zod-validator@0.7.0(hono@4.8.4)(zod@3.25.76)':
    dependencies:
      hono: 4.8.4
      zod: 3.25.76

  '@jsdevtools/ono@7.1.3': {}

  '@types/json-schema@7.0.15': {}

  argparse@2.0.1: {}

  asynckit@0.4.0: {}

  axios@1.10.0:
    dependencies:
      follow-redirects: 1.15.9
      form-data: 4.0.3
      proxy-from-env: 1.1.0
    transitivePeerDependencies:
      - debug

  call-bind-apply-helpers@1.0.2:
    dependencies:
      es-errors: 1.3.0
      function-bind: 1.1.2

  clone@2.1.2: {}

  combined-stream@1.0.8:
    dependencies:
      delayed-stream: 1.0.0

  delayed-stream@1.0.0: {}

  dotenv-flow@4.1.0:
    dependencies:
      dotenv: 16.6.1

  dotenv@16.6.1: {}

  dunder-proto@1.0.1:
    dependencies:
      call-bind-apply-helpers: 1.0.2
      es-errors: 1.3.0
      gopd: 1.2.0

  es-define-property@1.0.1: {}

  es-errors@1.3.0: {}

  es-object-atoms@1.1.1:
    dependencies:
      es-errors: 1.3.0

  es-set-tostringtag@2.1.0:
    dependencies:
      es-errors: 1.3.0
      get-intrinsic: 1.3.0
      has-tostringtag: 1.0.2
      hasown: 2.0.2

  follow-redirects@1.15.9: {}

  form-data@4.0.3:
    dependencies:
      asynckit: 0.4.0
      combined-stream: 1.0.8
      es-set-tostringtag: 2.1.0
      hasown: 2.0.2
      mime-types: 2.1.35

  function-bind@1.1.2: {}

  get-intrinsic@1.3.0:
    dependencies:
      call-bind-apply-helpers: 1.0.2
      es-define-property: 1.0.1
      es-errors: 1.3.0
      es-object-atoms: 1.1.1
      function-bind: 1.1.2
      get-proto: 1.0.1
      gopd: 1.2.0
      has-symbols: 1.1.0
      hasown: 2.0.2
      math-intrinsics: 1.1.0

  get-proto@1.0.1:
    dependencies:
      dunder-proto: 1.0.1
      es-object-atoms: 1.1.1

  gopd@1.2.0: {}

  has-symbols@1.1.0: {}

  has-tostringtag@1.0.2:
    dependencies:
      has-symbols: 1.1.0

  hasown@2.0.2:
    dependencies:
      function-bind: 1.1.2

  hono-openapi@0.4.8(@hono/zod-validator@0.7.0(hono@4.8.4)(zod@3.25.76))(hono@4.8.4)(openapi-types@12.1.3)(zod-openapi@5.0.1(zod@3.25.76))(zod@3.25.76):
    dependencies:
      json-schema-walker: 2.0.0
      openapi-types: 12.1.3
    optionalDependencies:
      '@hono/zod-validator': 0.7.0(hono@4.8.4)(zod@3.25.76)
      hono: 4.8.4
      zod: 3.25.76
      zod-openapi: 5.0.1(zod@3.25.76)

  hono-rate-limiter@0.4.2(hono@4.8.4):
    dependencies:
      hono: 4.8.4

  hono@4.8.4: {}

  js-yaml@4.1.0:
    dependencies:
      argparse: 2.0.1

  json-schema-walker@2.0.0:
    dependencies:
      '@apidevtools/json-schema-ref-parser': 11.9.3
      clone: 2.1.2

  lru-cache@11.1.0: {}

  math-intrinsics@1.1.0: {}

  mime-db@1.52.0: {}

  mime-types@2.1.35:
    dependencies:
      mime-db: 1.52.0

  openapi-types@12.1.3: {}

  proxy-from-env@1.1.0: {}

  zod-openapi@5.0.1(zod@3.25.76):
    dependencies:
      zod: 3.25.76

  zod@3.25.76: {}
